
Microsoft Visual Studio Solution File, Format Version 12.00
# Visual Studio Version 16
VisualStudioVersion = 16.0.31402.337
MinimumVisualStudioVersion = 10.0.40219.1
Project("{FAE04EC0-301F-11D3-BF4B-00C04F79EFBC}") = "app3", "app3\app3.csproj", "{BF0960AD-B44A-4FE3-A98F-0C21CF70D206}"
EndProject
Global
	GlobalSection(SolutionConfigurationPlatforms) = preSolution
		Debug|Any CPU = Debug|Any CPU
		Release|Any CPU = Release|Any CPU
	EndGlobalSection
	GlobalSection(ProjectConfigurationPlatforms) = postSolution
		{BF0960AD-B44A-4FE3-A98F-0C21CF70D206}.Debug|Any CPU.ActiveCfg = Debug|Any CPU
		{BF0960AD-B44A-4FE3-A98F-0C21CF70D206}.Debug|Any CPU.Build.0 = Debug|Any CPU
		{BF0960AD-B44A-4FE3-A98F-0C21CF70D206}.Release|Any CPU.ActiveCfg = Release|Any CPU
		{BF0960AD-B44A-4FE3-A98F-0C21CF70D206}.Release|Any CPU.Build.0 = Release|Any CPU
	EndGlobalSection
	GlobalSection(SolutionProperties) = preSolution
		HideSolutionNode = FALSE
	EndGlobalSection
	GlobalSection(ExtensibilityGlobals) = postSolution
		SolutionGuid = {644AC676-FF74-4039-9751-8A82AC3337F3}
	EndGlobalSection
EndGlobal
